
Microsoft Visual Studio Solution File, Format Version 12.00
# Visual Studio 15
VisualStudioVersion = 15.0.27703.2047
MinimumVisualStudioVersion = 10.0.40219.1
Project("{FAE04EC0-301F-11D3-BF4B-00C04F79EFBC}") = "WarpToPlayer", "WarpToPlayer\WarpToPlayer.csproj", "{6AC9A361-A4F6-4ADB-9C16-6A77456677C3}"
EndProject
Global
	GlobalSection(SolutionConfigurationPlatforms) = preSolution
		Debug|Any CPU = Debug|Any CPU
		Release|Any CPU = Release|Any CPU
	EndGlobalSection
	GlobalSection(ProjectConfigurationPlatforms) = postSolution
		{6AC9A361-A4F6-4ADB-9C16-6A77456677C3}.Debug|Any CPU.ActiveCfg = Debug|Any CPU
		{6AC9A361-A4F6-4ADB-9C16-6A77456677C3}.Debug|Any CPU.Build.0 = Debug|Any CPU
		{6AC9A361-A4F6-4ADB-9C16-6A77456677C3}.Release|Any CPU.ActiveCfg = Release|Any CPU
		{6AC9A361-A4F6-4ADB-9C16-6A77456677C3}.Release|Any CPU.Build.0 = Release|Any CPU
	EndGlobalSection
	GlobalSection(SolutionProperties) = preSolution
		HideSolutionNode = FALSE
	EndGlobalSection
	GlobalSection(ExtensibilityGlobals) = postSolution
		SolutionGuid = {465366D6-DE9E-44DE-95CE-A5FEE9091717}
	EndGlobalSection
EndGlobal
